{
  "name": "utils-in-common-use",
  "version": "1.0.0",
  "lockfileVersion": 1,
  "requires": true,
  "dependencies": {
    "extend": {
      "version": "3.0.1",
      "resolved": "http://registry.npm.taobao.org/extend/download/extend-3.0.1.tgz",
      "integrity": "sha1-p1Xqe8Gt/MWjHOfnYtuq3F5jZEQ="
    },
    "lodash": {
      "version": "4.17.4",
      "resolved": "http://registry.npm.taobao.org/lodash/download/lodash-4.17.4.tgz"
    },
    "md5": {
      "version": "2.2.1",
      "resolved": "http://registry.npm.taobao.org/md5/download/md5-2.2.1.tgz",
      "requires": {
        "charenc": "0.0.2",
        "crypt": "0.0.2",
        "is-buffer": "1.1.6"
      },
      "dependencies": {
        "charenc": {
          "version": "0.0.2",
          "bundled": true
        },
        "crypt": {
          "version": "0.0.2",
          "bundled": true
        },
        "is-buffer": {
          "version": "1.1.6",
          "bundled": true
        }
      }
    },
    "node-uuid": {
      "version": "1.4.8",
      "resolved": "http://registry.npm.taobao.org/node-uuid/download/node-uuid-1.4.8.tgz"
    },
    "validator": {
      "version": "9.1.2",
      "resolved": "http://registry.npm.taobao.org/validator/download/validator-9.1.2.tgz"
    }
  }
}
